
Microsoft Visual Studio Solution File, Format Version 12.00
# Visual Studio Version 16
VisualStudioVersion = 16.0.29509.3
MinimumVisualStudioVersion = 10.0.40219.1
Project("{FAE04EC0-301F-11D3-BF4B-00C04F79EFBC}") = "SuperFirstWebsite", "SuperFirstWebsite\SuperFirstWebsite.csproj", "{0631395F-219C-40E2-A8E4-891E58A2D87C}"
EndProject
Project("{FAE04EC0-301F-11D3-BF4B-00C04F79EFBC}") = "BusinessRules", "BusinessRules\BusinessRules.csproj", "{190F81B7-8BD4-4F7B-BD5C-034480A1C752}"
EndProject
Global
	GlobalSection(SolutionConfigurationPlatforms) = preSolution
		Debug|Any CPU = Debug|Any CPU
		Release|Any CPU = Release|Any CPU
	EndGlobalSection
	GlobalSection(ProjectConfigurationPlatforms) = postSolution
		{0631395F-219C-40E2-A8E4-891E58A2D87C}.Debug|Any CPU.ActiveCfg = Debug|Any CPU
		{0631395F-219C-40E2-A8E4-891E58A2D87C}.Debug|Any CPU.Build.0 = Debug|Any CPU
		{0631395F-219C-40E2-A8E4-891E58A2D87C}.Release|Any CPU.ActiveCfg = Release|Any CPU
		{0631395F-219C-40E2-A8E4-891E58A2D87C}.Release|Any CPU.Build.0 = Release|Any CPU
		{190F81B7-8BD4-4F7B-BD5C-034480A1C752}.Debug|Any CPU.ActiveCfg = Debug|Any CPU
		{190F81B7-8BD4-4F7B-BD5C-034480A1C752}.Debug|Any CPU.Build.0 = Debug|Any CPU
		{190F81B7-8BD4-4F7B-BD5C-034480A1C752}.Release|Any CPU.ActiveCfg = Release|Any CPU
		{190F81B7-8BD4-4F7B-BD5C-034480A1C752}.Release|Any CPU.Build.0 = Release|Any CPU
	EndGlobalSection
	GlobalSection(SolutionProperties) = preSolution
		HideSolutionNode = FALSE
	EndGlobalSection
	GlobalSection(ExtensibilityGlobals) = postSolution
		SolutionGuid = {1B9A982E-405C-401C-96F7-50487C547F92}
	EndGlobalSection
EndGlobal
